// !$*UTF8*$!
{
	archiveVersion = 1;
	classes = {
	};
	objectVersion = 48;
	objects = {

/* Begin PBXBuildFile section */
		B284CCE85EEFEC0DD2F952B7 /* Pods_WRCalendarViewSample.framework in Frameworks */ = {isa = PBXBuildFile; fileRef = DEA1D72620B813610C778FAE /* Pods_WRCalendarViewSample.framework */; };
		C16AA35D204E7C210044F922 /* AppDelegate.swift in Sources */ = {isa = PBXBuildFile; fileRef = C16AA35C204E7C210044F922 /* AppDelegate.swift */; };
		C16AA35F204E7C210044F922 /* ViewController.swift in Sources */ = {isa = PBXBuildFile; fileRef = C16AA35E204E7C210044F922 /* ViewController.swift */; };
		C16AA362204E7C210044F922 /* Main.storyboard in Resources */ = {isa = PBXBuildFile; fileRef = C16AA360204E7C210044F922 /* Main.storyboard */; };
		C16AA364204E7C210044F922 /* Assets.xcassets in Resources */ = {isa = PBXBuildFile; fileRef = C16AA363204E7C210044F922 /* Assets.xcassets */; };
		C16AA367204E7C210044F922 /* LaunchScreen.storyboard in Resources */ = {isa = PBXBuildFile; fileRef = C16AA365204E7C210044F922 /* LaunchScreen.storyboard */; };
		C16AA371204E85370044F922 /* addViewController.swift in Sources */ = {isa = PBXBuildFile; fileRef = C16AA370204E85370044F922 /* addViewController.swift */; };
		C16AA373204E94F90044F922 /* Button（新規登録）.png in Resources */ = {isa = PBXBuildFile; fileRef = C16AA372204E94F80044F922 /* Button（新規登録）.png */; };
		C16AA375204E95D40044F922 /* APIKey.swift in Sources */ = {isa = PBXBuildFile; fileRef = C16AA374204E95D40044F922 /* APIKey.swift */; };
		C16AA377204FD4D30044F922 /* DetailViewController.swift in Sources */ = {isa = PBXBuildFile; fileRef = C16AA376204FD4D30044F922 /* DetailViewController.swift */; };
		C16AA37920505DC60044F922 /* Schedule.swift in Sources */ = {isa = PBXBuildFile; fileRef = C16AA37820505DC60044F922 /* Schedule.swift */; };
/* End PBXBuildFile section */

/* Begin PBXFileReference section */
		0359B6C5FFAD0D14CB6F7C2D /* Pods-WRCalendarViewSample.release.xcconfig */ = {isa = PBXFileReference; includeInIndex = 1; lastKnownFileType = text.xcconfig; name = "Pods-WRCalendarViewSample.release.xcconfig"; path = "Pods/Target Support Files/Pods-WRCalendarViewSample/Pods-WRCalendarViewSample.release.xcconfig"; sourceTree = "<group>"; };
		BF86E3C0EE4A5A535AB27DC7 /* Pods-WRCalendarViewSample.debug.xcconfig */ = {isa = PBXFileReference; includeInIndex = 1; lastKnownFileType = text.xcconfig; name = "Pods-WRCalendarViewSample.debug.xcconfig"; path = "Pods/Target Support Files/Pods-WRCalendarViewSample/Pods-WRCalendarViewSample.debug.xcconfig"; sourceTree = "<group>"; };
		C16AA359204E7C210044F922 /* WRCalendarViewSample.app */ = {isa = PBXFileReference; explicitFileType = wrapper.application; includeInIndex = 0; path = WRCalendarViewSample.app; sourceTree = BUILT_PRODUCTS_DIR; };
		C16AA35C204E7C210044F922 /* AppDelegate.swift */ = {isa = PBXFileReference; lastKnownFileType = sourcecode.swift; path = AppDelegate.swift; sourceTree = "<group>"; };
		C16AA35E204E7C210044F922 /* ViewController.swift */ = {isa = PBXFileReference; lastKnownFileType = sourcecode.swift; path = ViewController.swift; sourceTree = "<group>"; };
		C16AA361204E7C210044F922 /* Base */ = {isa = PBXFileReference; lastKnownFileType = file.storyboard; name = Base; path = Base.lproj/Main.storyboard; sourceTree = "<group>"; };
		C16AA363204E7C210044F922 /* Assets.xcassets */ = {isa = PBXFileReference; lastKnownFileType = folder.assetcatalog; path = Assets.xcassets; sourceTree = "<group>"; };
		C16AA366204E7C210044F922 /* Base */ = {isa = PBXFileReference; lastKnownFileType = file.storyboard; name = Base; path = Base.lproj/LaunchScreen.storyboard; sourceTree = "<group>"; };
		C16AA368204E7C210044F922 /* Info.plist */ = {isa = PBXFileReference; lastKnownFileType = text.plist.xml; path = Info.plist; sourceTree = "<group>"; };
		C16AA370204E85370044F922 /* addViewController.swift */ = {isa = PBXFileReference; lastKnownFileType = sourcecode.swift; path = addViewController.swift; sourceTree = "<group>"; };
		C16AA372204E94F80044F922 /* Button（新規登録）.png */ = {isa = PBXFileReference; lastKnownFileType = image.png; path = "Button（新規登録）.png"; sourceTree = "<group>"; };
		C16AA374204E95D40044F922 /* APIKey.swift */ = {isa = PBXFileReference; lastKnownFileType = sourcecode.swift; path = APIKey.swift; sourceTree = "<group>"; };
		C16AA376204FD4D30044F922 /* DetailViewController.swift */ = {isa = PBXFileReference; lastKnownFileType = sourcecode.swift; path = DetailViewController.swift; sourceTree = "<group>"; };
		C16AA37820505DC60044F922 /* Schedule.swift */ = {isa = PBXFileReference; lastKnownFileType = sourcecode.swift; path = Schedule.swift; sourceTree = "<group>"; };
		DEA1D72620B813610C778FAE /* Pods_WRCalendarViewSample.framework */ = {isa = PBXFileReference; explicitFileType = wrapper.framework; includeInIndex = 0; path = Pods_WRCalendarViewSample.framework; sourceTree = BUILT_PRODUCTS_DIR; };
/* End PBXFileReference section */

/* Begin PBXFrameworksBuildPhase section */
		C16AA356204E7C210044F922 /* Frameworks */ = {
			isa = PBXFrameworksBuildPhase;
			buildActionMask = 2147483647;
			files = (
				B284CCE85EEFEC0DD2F952B7 /* Pods_WRCalendarViewSample.framework in Frameworks */,
			);
			runOnlyForDeploymentPostprocessing = 0;
		};
/* End PBXFrameworksBuildPhase section */

/* Begin PBXGroup section */
		7B5A9506396E0E2594336194 /* Pods */ = {
			isa = PBXGroup;
			children = (
				BF86E3C0EE4A5A535AB27DC7 /* Pods-WRCalendarViewSample.debug.xcconfig */,
				0359B6C5FFAD0D14CB6F7C2D /* Pods-WRCalendarViewSample.release.xcconfig */,
			);
			name = Pods;
			sourceTree = "<group>";
		};
		C16AA350204E7C210044F922 = {
			isa = PBXGroup;
			children = (
				C16AA35B204E7C210044F922 /* WRCalendarViewSample */,
				C16AA35A204E7C210044F922 /* Products */,
				7B5A9506396E0E2594336194 /* Pods */,
				C5BE03D3204AD9F2B676E865 /* Frameworks */,
			);
			sourceTree = "<group>";
		};
		C16AA35A204E7C210044F922 /* Products */ = {
			isa = PBXGroup;
			children = (
				C16AA359204E7C210044F922 /* WRCalendarViewSample.app */,
			);
			name = Products;
			sourceTree = "<group>";
		};
		C16AA35B204E7C210044F922 /* WRCalendarViewSample */ = {
			isa = PBXGroup;
			children = (
				C16AA372204E94F80044F922 /* Button（新規登録）.png */,
				C16AA35C204E7C210044F922 /* AppDelegate.swift */,
				C16AA374204E95D40044F922 /* APIKey.swift */,
				C16AA37820505DC60044F922 /* Schedule.swift */,
				C16AA35E204E7C210044F922 /* ViewController.swift */,
				C16AA370204E85370044F922 /* addViewController.swift */,
				C16AA376204FD4D30044F922 /* DetailViewController.swift */,
				C16AA360204E7C210044F922 /* Main.storyboard */,
				C16AA363204E7C210044F922 /* Assets.xcassets */,
				C16AA365204E7C210044F922 /* LaunchScreen.storyboard */,
				C16AA368204E7C210044F922 /* Info.plist */,
			);
			path = WRCalendarViewSample;
			sourceTree = "<group>";
		};
		C5BE03D3204AD9F2B676E865 /* Frameworks */ = {
			isa = PBXGroup;
			children = (
				DEA1D72620B813610C778FAE /* Pods_WRCalendarViewSample.framework */,
			);
			name = Frameworks;
			sourceTree = "<group>";
		};
/* End PBXGroup section */

/* Begin PBXNativeTarget section */
		C16AA358204E7C210044F922 /* WRCalendarViewSample */ = {
			isa = PBXNativeTarget;
			buildConfigurationList = C16AA36B204E7C210044F922 /* Build configuration list for PBXNativeTarget "WRCalendarViewSample" */;
			buildPhases = (
				EA28662B9B1A93FB096EACF1 /* [CP] Check Pods Manifest.lock */,
				C16AA355204E7C210044F922 /* Sources */,
				C16AA356204E7C210044F922 /* Frameworks */,
				C16AA357204E7C210044F922 /* Resources */,
				437C3586CD833928D2F7D999 /* [CP] Embed Pods Frameworks */,
				8480F2A6B54B37C00D219267 /* [CP] Copy Pods Resources */,
			);
			buildRules = (
			);
			dependencies = (
			);
			name = WRCalendarViewSample;
			productName = WRCalendarViewSample;
			productReference = C16AA359204E7C210044F922 /* WRCalendarViewSample.app */;
			productType = "com.apple.product-type.application";
		};
/* End PBXNativeTarget section */

/* Begin PBXProject section */
		C16AA351204E7C210044F922 /* Project object */ = {
			isa = PBXProject;
			attributes = {
				LastSwiftUpdateCheck = 0920;
				LastUpgradeCheck = 0920;
				ORGANIZATIONNAME = TakaoAtsushi;
				TargetAttributes = {
					C16AA358204E7C210044F922 = {
						CreatedOnToolsVersion = 9.2;
						ProvisioningStyle = Automatic;
					};
				};
			};
			buildConfigurationList = C16AA354204E7C210044F922 /* Build configuration list for PBXProject "WRCalendarViewSample" */;
			compatibilityVersion = "Xcode 8.0";
			developmentRegion = en;
			hasScannedForEncodings = 0;
			knownRegions = (
				en,
				Base,
			);
			mainGroup = C16AA350204E7C210044F922;
			productRefGroup = C16AA35A204E7C210044F922 /* Products */;
			projectDirPath = "";
			projectRoot = "";
			targets = (
				C16AA358204E7C210044F922 /* WRCalendarViewSample */,
			);
		};
/* End PBXProject section */

/* Begin PBXResourcesBuildPhase section */
		C16AA357204E7C210044F922 /* Resources */ = {
			isa = PBXResourcesBuildPhase;
			buildActionMask = 2147483647;
			files = (
				C16AA373204E94F90044F922 /* Button（新規登録）.png in Resources */,
				C16AA367204E7C210044F922 /* LaunchScreen.storyboard in Resources */,
				C16AA364204E7C210044F922 /* Assets.xcassets in Resources */,
				C16AA362204E7C210044F922 /* Main.storyboard in Resources */,
			);
			runOnlyForDeploymentPostprocessing = 0;
		};
/* End PBXResourcesBuildPhase section */

/* Begin PBXShellScriptBuildPhase section */
		437C3586CD833928D2F7D999 /* [CP] Embed Pods Frameworks */ = {
			isa = PBXShellScriptBuildPhase;
			buildActionMask = 2147483647;
			files = (
			);
			inputPaths = (
				"${SRCROOT}/Pods/Target Support Files/Pods-WRCalendarViewSample/Pods-WRCalendarViewSample-frameworks.sh",
				"${BUILT_PRODUCTS_DIR}/DateToolsSwift/DateToolsSwift.framework",
				"${BUILT_PRODUCTS_DIR}/DropDownMenuKit/DropDownMenuKit.framework",
				"${BUILT_PRODUCTS_DIR}/FontAwesomeKit/FontAwesomeKit.framework",
				"${BUILT_PRODUCTS_DIR}/NCMB/NCMB.framework",
				"${BUILT_PRODUCTS_DIR}/WRCalendarView/WRCalendarView.framework",
			);
			name = "[CP] Embed Pods Frameworks";
			outputPaths = (
				"${TARGET_BUILD_DIR}/${FRAMEWORKS_FOLDER_PATH}/DateToolsSwift.framework",
				"${TARGET_BUILD_DIR}/${FRAMEWORKS_FOLDER_PATH}/DropDownMenuKit.framework",
				"${TARGET_BUILD_DIR}/${FRAMEWORKS_FOLDER_PATH}/FontAwesomeKit.framework",
				"${TARGET_BUILD_DIR}/${FRAMEWORKS_FOLDER_PATH}/NCMB.framework",
				"${TARGET_BUILD_DIR}/${FRAMEWORKS_FOLDER_PATH}/WRCalendarView.framework",
			);
			runOnlyForDeploymentPostprocessing = 0;
			shellPath = /bin/sh;
			shellScript = "\"${SRCROOT}/Pods/Target Support Files/Pods-WRCalendarViewSample/Pods-WRCalendarViewSample-frameworks.sh\"\n";
			showEnvVarsInLog = 0;
		};
		8480F2A6B54B37C00D219267 /* [CP] Copy Pods Resources */ = {
			isa = PBXShellScriptBuildPhase;
			buildActionMask = 2147483647;
			files = (
			);
			inputPaths = (
			);
			name = "[CP] Copy Pods Resources";
			outputPaths = (
			);
			runOnlyForDeploymentPostprocessing = 0;
			shellPath = /bin/sh;
			shellScript = "\"${SRCROOT}/Pods/Target Support Files/Pods-WRCalendarViewSample/Pods-WRCalendarViewSample-resources.sh\"\n";
			showEnvVarsInLog = 0;
		};
		EA28662B9B1A93FB096EACF1 /* [CP] Check Pods Manifest.lock */ = {
			isa = PBXShellScriptBuildPhase;
			buildActionMask = 2147483647;
			files = (
			);
			inputPaths = (
				"${PODS_PODFILE_DIR_PATH}/Podfile.lock",
				"${PODS_ROOT}/Manifest.lock",
			);
			name = "[CP] Check Pods Manifest.lock";
			outputPaths = (
				"$(DERIVED_FILE_DIR)/Pods-WRCalendarViewSample-checkManifestLockResult.txt",
			);
			runOnlyForDeploymentPostprocessing = 0;
			shellPath = /bin/sh;
			shellScript = "diff \"${PODS_PODFILE_DIR_PATH}/Podfile.lock\" \"${PODS_ROOT}/Manifest.lock\" > /dev/null\nif [ $? != 0 ] ; then\n    # print error to STDERR\n    echo \"error: The sandbox is not in sync with the Podfile.lock. Run 'pod install' or update your CocoaPods installation.\" >&2\n    exit 1\nfi\n# This output is used by Xcode 'outputs' to avoid re-running this script phase.\necho \"SUCCESS\" > \"${SCRIPT_OUTPUT_FILE_0}\"\n";
			showEnvVarsInLog = 0;
		};
/* End PBXShellScriptBuildPhase section */

/* Begin PBXSourcesBuildPhase section */
		C16AA355204E7C210044F922 /* Sources */ = {
			isa = PBXSourcesBuildPhase;
			buildActionMask = 2147483647;
			files = (
				C16AA37920505DC60044F922 /* Schedule.swift in Sources */,
				C16AA35F204E7C210044F922 /* ViewController.swift in Sources */,
				C16AA371204E85370044F922 /* addViewController.swift in Sources */,
				C16AA377204FD4D30044F922 /* DetailViewController.swift in Sources */,
				C16AA35D204E7C210044F922 /* AppDelegate.swift in Sources */,
				C16AA375204E95D40044F922 /* APIKey.swift in Sources */,
			);
			runOnlyForDeploymentPostprocessing = 0;
		};
/* End PBXSourcesBuildPhase section */

/* Begin PBXVariantGroup section */
		C16AA360204E7C210044F922 /* Main.storyboard */ = {
			isa = PBXVariantGroup;
			children = (
				C16AA361204E7C210044F922 /* Base */,
			);
			name = Main.storyboard;
			sourceTree = "<group>";
		};
		C16AA365204E7C210044F922 /* LaunchScreen.storyboard */ = {
			isa = PBXVariantGroup;
			children = (
				C16AA366204E7C210044F922 /* Base */,
			);
			name = LaunchScreen.storyboard;
			sourceTree = "<group>";
		};
/* End PBXVariantGroup section */

/* Begin XCBuildConfiguration section */
		C16AA369204E7C210044F922 /* Debug */ = {
			isa = XCBuildConfiguration;
			buildSettings = {
				ALWAYS_SEARCH_USER_PATHS = NO;
				CLANG_ANALYZER_NONNULL = YES;
				CLANG_ANALYZER_NUMBER_OBJECT_CONVERSION = YES_AGGRESSIVE;
				CLANG_CXX_LANGUAGE_STANDARD = "gnu++14";
				CLANG_CXX_LIBRARY = "libc++";
				CLANG_ENABLE_MODULES = YES;
				CLANG_ENABLE_OBJC_ARC = YES;
				CLANG_WARN_BLOCK_CAPTURE_AUTORELEASING = YES;
				CLANG_WARN_BOOL_CONVERSION = YES;
				CLANG_WARN_COMMA = YES;
				CLANG_WARN_CONSTANT_CONVERSION = YES;
				CLANG_WARN_DIRECT_OBJC_ISA_USAGE = YES_ERROR;
				CLANG_WARN_DOCUMENTATION_COMMENTS = YES;
				CLANG_WARN_EMPTY_BODY = YES;
				CLANG_WARN_ENUM_CONVERSION = YES;
				CLANG_WARN_INFINITE_RECURSION = YES;
				CLANG_WARN_INT_CONVERSION = YES;
				CLANG_WARN_NON_LITERAL_NULL_CONVERSION = YES;
				CLANG_WARN_OBJC_LITERAL_CONVERSION = YES;
				CLANG_WARN_OBJC_ROOT_CLASS = YES_ERROR;
				CLANG_WARN_RANGE_LOOP_ANALYSIS = YES;
				CLANG_WARN_STRICT_PROTOTYPES = YES;
				CLANG_WARN_SUSPICIOUS_MOVE = YES;
				CLANG_WARN_UNGUARDED_AVAILABILITY = YES_AGGRESSIVE;
				CLANG_WARN_UNREACHABLE_CODE = YES;
				CLANG_WARN__DUPLICATE_METHOD_MATCH = YES;
				CODE_SIGN_IDENTITY = "iPhone Developer";
				COPY_PHASE_STRIP = NO;
				DEBUG_INFORMATION_FORMAT = dwarf;
				ENABLE_STRICT_OBJC_MSGSEND = YES;
				ENABLE_TESTABILITY = YES;
				GCC_C_LANGUAGE_STANDARD = gnu11;
				GCC_DYNAMIC_NO_PIC = NO;
				GCC_NO_COMMON_BLOCKS = YES;
				GCC_OPTIMIZATION_LEVEL = 0;
				GCC_PREPROCESSOR_DEFINITIONS = (
					"DEBUG=1",
					"$(inherited)",
				);
				GCC_WARN_64_TO_32_BIT_CONVERSION = YES;
				GCC_WARN_ABOUT_RETURN_TYPE = YES_ERROR;
				GCC_WARN_UNDECLARED_SELECTOR = YES;
				GCC_WARN_UNINITIALIZED_AUTOS = YES_AGGRESSIVE;
				GCC_WARN_UNUSED_FUNCTION = YES;
				GCC_WARN_UNUSED_VARIABLE = YES;
				IPHONEOS_DEPLOYMENT_TARGET = 11.2;
				MTL_ENABLE_DEBUG_INFO = YES;
				ONLY_ACTIVE_ARCH = YES;
				SDKROOT = iphoneos;
				SWIFT_ACTIVE_COMPILATION_CONDITIONS = DEBUG;
				SWIFT_OPTIMIZATION_LEVEL = "-Onone";
			};
			name = Debug;
		};
		C16AA36A204E7C210044F922 /* Release */ = {
			isa = XCBuildConfiguration;
			buildSettings = {
				ALWAYS_SEARCH_USER_PATHS = NO;
				CLANG_ANALYZER_NONNULL = YES;
				CLANG_ANALYZER_NUMBER_OBJECT_CONVERSION = YES_AGGRESSIVE;
				CLANG_CXX_LANGUAGE_STANDARD = "gnu++14";
				CLANG_CXX_LIBRARY = "libc++";
				CLANG_ENABLE_MODULES = YES;
				CLANG_ENABLE_OBJC_ARC = YES;
				CLANG_WARN_BLOCK_CAPTURE_AUTORELEASING = YES;
				CLANG_WARN_BOOL_CONVERSION = YES;
				CLANG_WARN_COMMA = YES;
				CLANG_WARN_CONSTANT_CONVERSION = YES;
				CLANG_WARN_DIRECT_OBJC_ISA_USAGE = YES_ERROR;
				CLANG_WARN_DOCUMENTATION_COMMENTS = YES;
				CLANG_WARN_EMPTY_BODY = YES;
				CLANG_WARN_ENUM_CONVERSION = YES;
				CLANG_WARN_INFINITE_RECURSION = YES;
				CLANG_WARN_INT_CONVERSION = YES;
				CLANG_WARN_NON_LITERAL_NULL_CONVERSION = YES;
				CLANG_WARN_OBJC_LITERAL_CONVERSION = YES;
				CLANG_WARN_OBJC_ROOT_CLASS = YES_ERROR;
				CLANG_WARN_RANGE_LOOP_ANALYSIS = YES;
				CLANG_WARN_STRICT_PROTOTYPES = YES;
				CLANG_WARN_SUSPICIOUS_MOVE = YES;
				CLANG_WARN_UNGUARDED_AVAILABILITY = YES_AGGRESSIVE;
				CLANG_WARN_UNREACHABLE_CODE = YES;
				CLANG_WARN__DUPLICATE_METHOD_MATCH = YES;
				CODE_SIGN_IDENTITY = "iPhone Developer";
				COPY_PHASE_STRIP = NO;
				DEBUG_INFORMATION_FORMAT = "dwarf-with-dsym";
				ENABLE_NS_ASSERTIONS = NO;
				ENABLE_STRICT_OBJC_MSGSEND = YES;
				GCC_C_LANGUAGE_STANDARD = gnu11;
				GCC_NO_COMMON_BLOCKS = YES;
				GCC_WARN_64_TO_32_BIT_CONVERSION = YES;
				GCC_WARN_ABOUT_RETURN_TYPE = YES_ERROR;
				GCC_WARN_UNDECLARED_SELECTOR = YES;
				GCC_WARN_UNINITIALIZED_AUTOS = YES_AGGRESSIVE;
				GCC_WARN_UNUSED_FUNCTION = YES;
				GCC_WARN_UNUSED_VARIABLE = YES;
				IPHONEOS_DEPLOYMENT_TARGET = 11.2;
				MTL_ENABLE_DEBUG_INFO = NO;
				SDKROOT = iphoneos;
				SWIFT_OPTIMIZATION_LEVEL = "-Owholemodule";
				VALIDATE_PRODUCT = YES;
			};
			name = Release;
		};
		C16AA36C204E7C210044F922 /* Debug */ = {
			isa = XCBuildConfiguration;
			baseConfigurationReference = BF86E3C0EE4A5A535AB27DC7 /* Pods-WRCalendarViewSample.debug.xcconfig */;
			buildSettings = {
				ASSETCATALOG_COMPILER_APPICON_NAME = AppIcon;
				CODE_SIGN_STYLE = Automatic;
				DEVELOPMENT_TEAM = 3E76788VZ5;
				INFOPLIST_FILE = WRCalendarViewSample/Info.plist;
				LD_RUNPATH_SEARCH_PATHS = "$(inherited) @executable_path/Frameworks";
				PRODUCT_BUNDLE_IDENTIFIER = com.TakaoAtsushi.WRCalendarViewSample;
				PRODUCT_NAME = "$(TARGET_NAME)";
				SWIFT_VERSION = 4.0;
				TARGETED_DEVICE_FAMILY = "1,2";
			};
			name = Debug;
		};
		C16AA36D204E7C210044F922 /* Release */ = {
			isa = XCBuildConfiguration;
			baseConfigurationReference = 0359B6C5FFAD0D14CB6F7C2D /* Pods-WRCalendarViewSample.release.xcconfig */;
			buildSettings = {
				ASSETCATALOG_COMPILER_APPICON_NAME = AppIcon;
				CODE_SIGN_STYLE = Automatic;
				DEVELOPMENT_TEAM = 3E76788VZ5;
				INFOPLIST_FILE = WRCalendarViewSample/Info.plist;
				LD_RUNPATH_SEARCH_PATHS = "$(inherited) @executable_path/Frameworks";
				PRODUCT_BUNDLE_IDENTIFIER = com.TakaoAtsushi.WRCalendarViewSample;
				PRODUCT_NAME = "$(TARGET_NAME)";
				SWIFT_VERSION = 4.0;
				TARGETED_DEVICE_FAMILY = "1,2";
			};
			name = Release;
		};
/* End XCBuildConfiguration section */

/* Begin XCConfigurationList section */
		C16AA354204E7C210044F922 /* Build configuration list for PBXProject "WRCalendarViewSample" */ = {
			isa = XCConfigurationList;
			buildConfigurations = (
				C16AA369204E7C210044F922 /* Debug */,
				C16AA36A204E7C210044F922 /* Release */,
			);
			defaultConfigurationIsVisible = 0;
			defaultConfigurationName = Release;
		};
		C16AA36B204E7C210044F922 /* Build configuration list for PBXNativeTarget "WRCalendarViewSample" */ = {
			isa = XCConfigurationList;
			buildConfigurations = (
				C16AA36C204E7C210044F922 /* Debug */,
				C16AA36D204E7C210044F922 /* Release */,
			);
			defaultConfigurationIsVisible = 0;
			defaultConfigurationName = Release;
		};
/* End XCConfigurationList section */
	};
	rootObject = C16AA351204E7C210044F922 /* Project object */;
}
